
Microsoft Visual Studio Solution File, Format Version 12.00
# Visual Studio Version 17
VisualStudioVersion = 17.5.002.0
MinimumVisualStudioVersion = 10.0.40219.1
Project("{9A19103F-16F7-4668-BE54-9A1E7A4F7556}") = "HungryNinja", "HungryNinja.csproj", "{564C6447-1A98-4649-8E07-8ECFDFB7E055}"
EndProject
Global
	GlobalSection(SolutionConfigurationPlatforms) = preSolution
		Debug|Any CPU = Debug|Any CPU
		Release|Any CPU = Release|Any CPU
	EndGlobalSection
	GlobalSection(ProjectConfigurationPlatforms) = postSolution
		{564C6447-1A98-4649-8E07-8ECFDFB7E055}.Debug|Any CPU.ActiveCfg = Debug|Any CPU
		{564C6447-1A98-4649-8E07-8ECFDFB7E055}.Debug|Any CPU.Build.0 = Debug|Any CPU
		{564C6447-1A98-4649-8E07-8ECFDFB7E055}.Release|Any CPU.ActiveCfg = Release|Any CPU
		{564C6447-1A98-4649-8E07-8ECFDFB7E055}.Release|Any CPU.Build.0 = Release|Any CPU
	EndGlobalSection
	GlobalSection(SolutionProperties) = preSolution
		HideSolutionNode = FALSE
	EndGlobalSection
	GlobalSection(ExtensibilityGlobals) = postSolution
		SolutionGuid = {202C738C-2840-49BA-A60B-59BDB62BEE0F}
	EndGlobalSection
EndGlobal
